
Microsoft Visual Studio Solution File, Format Version 12.00
# Visual Studio 15
VisualStudioVersion = 15.0.27703.2047
MinimumVisualStudioVersion = 10.0.40219.1
Project("{9A19103F-16F7-4668-BE54-9A1E7A4F7556}") = "SolarSystem", "SolarSystem\SolarSystem.csproj", "{C0C1C62F-CAD2-49BE-9503-6CC8D3FABC9A}"
EndProject
Project("{FAE04EC0-301F-11D3-BF4B-00C04F79EFBC}") = "Client_Solarsystem", "WPF\Client_Solarsystem.csproj", "{D1FFF77F-DC1A-44FF-9EF2-7538F2BC589C}"
EndProject
Project("{9A19103F-16F7-4668-BE54-9A1E7A4F7556}") = "ClassLibrary", "ClassLibrary\ClassLibrary.csproj", "{422AD73C-302A-466A-9456-ACBF3B92B874}"
EndProject
Global
	GlobalSection(SolutionConfigurationPlatforms) = preSolution
		Debug|Any CPU = Debug|Any CPU
		Release|Any CPU = Release|Any CPU
	EndGlobalSection
	GlobalSection(ProjectConfigurationPlatforms) = postSolution
		{C0C1C62F-CAD2-49BE-9503-6CC8D3FABC9A}.Debug|Any CPU.ActiveCfg = Debug|Any CPU
		{C0C1C62F-CAD2-49BE-9503-6CC8D3FABC9A}.Debug|Any CPU.Build.0 = Debug|Any CPU
		{C0C1C62F-CAD2-49BE-9503-6CC8D3FABC9A}.Release|Any CPU.ActiveCfg = Release|Any CPU
		{C0C1C62F-CAD2-49BE-9503-6CC8D3FABC9A}.Release|Any CPU.Build.0 = Release|Any CPU
		{D1FFF77F-DC1A-44FF-9EF2-7538F2BC589C}.Debug|Any CPU.ActiveCfg = Debug|Any CPU
		{D1FFF77F-DC1A-44FF-9EF2-7538F2BC589C}.Debug|Any CPU.Build.0 = Debug|Any CPU
		{D1FFF77F-DC1A-44FF-9EF2-7538F2BC589C}.Release|Any CPU.ActiveCfg = Release|Any CPU
		{D1FFF77F-DC1A-44FF-9EF2-7538F2BC589C}.Release|Any CPU.Build.0 = Release|Any CPU
		{422AD73C-302A-466A-9456-ACBF3B92B874}.Debug|Any CPU.ActiveCfg = Debug|Any CPU
		{422AD73C-302A-466A-9456-ACBF3B92B874}.Debug|Any CPU.Build.0 = Debug|Any CPU
		{422AD73C-302A-466A-9456-ACBF3B92B874}.Release|Any CPU.ActiveCfg = Release|Any CPU
		{422AD73C-302A-466A-9456-ACBF3B92B874}.Release|Any CPU.Build.0 = Release|Any CPU
	EndGlobalSection
	GlobalSection(SolutionProperties) = preSolution
		HideSolutionNode = FALSE
	EndGlobalSection
	GlobalSection(ExtensibilityGlobals) = postSolution
		SolutionGuid = {399D91B6-D5CE-47E8-BFA6-C5063762F8B2}
	EndGlobalSection
EndGlobal
